<?xml version="1.0" encoding="utf-8"?>
<Project ToolsVersion="4.0" xmlns="http://schemas.microsoft.com/developer/msbuild/2003">
  <ItemGroup>
    <Filter Include="Engine">
      <UniqueIdentifier>{b91144f5-4954-432d-ab31-f7e7ed1533a9}</UniqueIdentifier>
    </Filter>
    <Filter Include="Game">
      <UniqueIdentifier>{1119f52e-4369-4380-980e-bea0e21a3e10}</UniqueIdentifier>
    </Filter>
  </ItemGroup>
  <ItemGroup>
    <ClCompile Include="Main.cpp" />
    <ClCompile Include="Engine\Logger.cpp">
      <Filter>Engine</Filter>
    </ClCompile>
    <ClCompile Include="Engine\Window.cpp">
      <Filter>Engine</Filter>
    </ClCompile>
    <ClCompile Include="Engine\Input_Doodle.cpp">
      <Filter>Engine</Filter>
    </ClCompile>
    <ClCompile Include="Engine\Engine.cpp">
      <Filter>Engine</Filter>
    </ClCompile>
    <ClCompile Include="Game\Splash.cpp">
      <Filter>Game</Filter>
    </ClCompile>
    <ClCompile Include="Game\Level1.cpp">
      <Filter>Game</Filter>
    </ClCompile>
    <ClCompile Include="Game\Level2.cpp">
      <Filter>Game</Filter>
    </ClCompile>
    <ClCompile Include="Engine\Input.cpp">
      <Filter>Engine</Filter>
    </ClCompile>
    <ClCompile Include="Engine\GameStateManager.cpp">
      <Filter>Engine</Filter>
    </ClCompile>
  </ItemGroup>
  <ItemGroup>
    <ClInclude Include="Engine\Logger.h">
      <Filter>Engine</Filter>
    </ClInclude>
    <ClInclude Include="Engine\Window.h">
      <Filter>Engine</Filter>
    </ClInclude>
    <ClInclude Include="Engine\Input.h">
      <Filter>Engine</Filter>
    </ClInclude>
    <ClInclude Include="Engine\GameState.h">
      <Filter>Engine</Filter>
    </ClInclude>
    <ClInclude Include="Engine\GameStateManager.h">
      <Filter>Engine</Filter>
    </ClInclude>
    <ClInclude Include="Engine\Engine.h">
      <Filter>Engine</Filter>
    </ClInclude>
    <ClInclude Include="Game\Screens.h">
      <Filter>Game</Filter>
    </ClInclude>
    <ClInclude Include="Game\Splash.h">
      <Filter>Game</Filter>
    </ClInclude>
    <ClInclude Include="Game\Level1.h">
      <Filter>Game</Filter>
    </ClInclude>
    <ClInclude Include="Game\Level2.h">
      <Filter>Game</Filter>
    </ClInclude>
  </ItemGroup>
</Project>